
Microsoft Visual Studio Solution File, Format Version 12.00
# Visual Studio Version 17
VisualStudioVersion = 17.10.35004.147
MinimumVisualStudioVersion = 10.0.40219.1
Project("{FAE04EC0-301F-11D3-BF4B-00C04F79EFBC}") = "Tinhlaisuat", "Tinhlaisuat\Tinhlaisuat.csproj", "{8FF5E77C-8427-45B9-9162-87D5AB10C65D}"
EndProject
Global
	GlobalSection(SolutionConfigurationPlatforms) = preSolution
		Debug|Any CPU = Debug|Any CPU
		Release|Any CPU = Release|Any CPU
	EndGlobalSection
	GlobalSection(ProjectConfigurationPlatforms) = postSolution
		{8FF5E77C-8427-45B9-9162-87D5AB10C65D}.Debug|Any CPU.ActiveCfg = Debug|Any CPU
		{8FF5E77C-8427-45B9-9162-87D5AB10C65D}.Debug|Any CPU.Build.0 = Debug|Any CPU
		{8FF5E77C-8427-45B9-9162-87D5AB10C65D}.Release|Any CPU.ActiveCfg = Release|Any CPU
		{8FF5E77C-8427-45B9-9162-87D5AB10C65D}.Release|Any CPU.Build.0 = Release|Any CPU
	EndGlobalSection
	GlobalSection(SolutionProperties) = preSolution
		HideSolutionNode = FALSE
	EndGlobalSection
	GlobalSection(ExtensibilityGlobals) = postSolution
		SolutionGuid = {F8E71C8B-12F3-43F4-8F1E-F6CBA38AE80F}
	EndGlobalSection
EndGlobal
